
Microsoft Visual Studio Solution File, Format Version 11.00
# Visual Studio 2010
Project("{4925A630-B079-445d-BCD4-3A9C94FE9307}") = "Bootstrap.Core", "src\Bootstrap.Core\Bootstrap.Core.fsproj", "{646D6A94-2692-40B7-9B42-001334CB67DA}"
EndProject
Project("{4925A630-B079-445d-BCD4-3A9C94FE9307}") = "Bootstrap.iOS", "src\Bootstrap.iOS\Bootstrap.iOS.fsproj", "{0E9DC100-2034-4DA9-8F5E-9ED6F9B25EEE}"
EndProject
Project("{FAE04EC0-301F-11D3-BF4B-00C04F79EFBC}") = "Bootstrap.iOS.UI", "src\Bootstrap.iOS.UI\Bootstrap.iOS.UI.csproj", "{76277CEE-BA5E-49D1-8253-2FAE3EAAC760}"
EndProject
Global
	GlobalSection(SolutionConfigurationPlatforms) = preSolution
		Debug|Any CPU = Debug|Any CPU
		Release|Any CPU = Release|Any CPU
		Debug|iPhoneSimulator = Debug|iPhoneSimulator
		Release|iPhoneSimulator = Release|iPhoneSimulator
		Debug|iPhone = Debug|iPhone
		Release|iPhone = Release|iPhone
		Ad-Hoc|iPhone = Ad-Hoc|iPhone
		AppStore|iPhone = AppStore|iPhone
	EndGlobalSection
	GlobalSection(ProjectConfigurationPlatforms) = postSolution
		{0E9DC100-2034-4DA9-8F5E-9ED6F9B25EEE}.Ad-Hoc|iPhone.ActiveCfg = Ad-Hoc|iPhone
		{0E9DC100-2034-4DA9-8F5E-9ED6F9B25EEE}.Ad-Hoc|iPhone.Build.0 = Ad-Hoc|iPhone
		{0E9DC100-2034-4DA9-8F5E-9ED6F9B25EEE}.AppStore|iPhone.ActiveCfg = AppStore|iPhone
		{0E9DC100-2034-4DA9-8F5E-9ED6F9B25EEE}.AppStore|iPhone.Build.0 = AppStore|iPhone
		{0E9DC100-2034-4DA9-8F5E-9ED6F9B25EEE}.Debug|Any CPU.ActiveCfg = Debug|iPhoneSimulator
		{0E9DC100-2034-4DA9-8F5E-9ED6F9B25EEE}.Debug|Any CPU.Build.0 = Debug|iPhoneSimulator
		{0E9DC100-2034-4DA9-8F5E-9ED6F9B25EEE}.Debug|iPhone.ActiveCfg = Debug|iPhone
		{0E9DC100-2034-4DA9-8F5E-9ED6F9B25EEE}.Debug|iPhone.Build.0 = Debug|iPhone
		{0E9DC100-2034-4DA9-8F5E-9ED6F9B25EEE}.Debug|iPhoneSimulator.ActiveCfg = Debug|iPhoneSimulator
		{0E9DC100-2034-4DA9-8F5E-9ED6F9B25EEE}.Debug|iPhoneSimulator.Build.0 = Debug|iPhoneSimulator
		{0E9DC100-2034-4DA9-8F5E-9ED6F9B25EEE}.Release|Any CPU.ActiveCfg = Release|iPhoneSimulator
		{0E9DC100-2034-4DA9-8F5E-9ED6F9B25EEE}.Release|Any CPU.Build.0 = Release|iPhoneSimulator
		{0E9DC100-2034-4DA9-8F5E-9ED6F9B25EEE}.Release|iPhone.ActiveCfg = Release|iPhone
		{0E9DC100-2034-4DA9-8F5E-9ED6F9B25EEE}.Release|iPhone.Build.0 = Release|iPhone
		{0E9DC100-2034-4DA9-8F5E-9ED6F9B25EEE}.Release|iPhoneSimulator.ActiveCfg = Release|iPhoneSimulator
		{0E9DC100-2034-4DA9-8F5E-9ED6F9B25EEE}.Release|iPhoneSimulator.Build.0 = Release|iPhoneSimulator
		{646D6A94-2692-40B7-9B42-001334CB67DA}.Ad-Hoc|iPhone.ActiveCfg = Debug|Any CPU
		{646D6A94-2692-40B7-9B42-001334CB67DA}.Ad-Hoc|iPhone.Build.0 = Debug|Any CPU
		{646D6A94-2692-40B7-9B42-001334CB67DA}.AppStore|iPhone.ActiveCfg = Debug|Any CPU
		{646D6A94-2692-40B7-9B42-001334CB67DA}.AppStore|iPhone.Build.0 = Debug|Any CPU
		{646D6A94-2692-40B7-9B42-001334CB67DA}.Debug|Any CPU.ActiveCfg = Debug|Any CPU
		{646D6A94-2692-40B7-9B42-001334CB67DA}.Debug|Any CPU.Build.0 = Debug|Any CPU
		{646D6A94-2692-40B7-9B42-001334CB67DA}.Debug|iPhone.ActiveCfg = Debug|Any CPU
		{646D6A94-2692-40B7-9B42-001334CB67DA}.Debug|iPhone.Build.0 = Debug|Any CPU
		{646D6A94-2692-40B7-9B42-001334CB67DA}.Debug|iPhoneSimulator.ActiveCfg = Debug|Any CPU
		{646D6A94-2692-40B7-9B42-001334CB67DA}.Debug|iPhoneSimulator.Build.0 = Debug|Any CPU
		{646D6A94-2692-40B7-9B42-001334CB67DA}.Release|Any CPU.ActiveCfg = Release|Any CPU
		{646D6A94-2692-40B7-9B42-001334CB67DA}.Release|Any CPU.Build.0 = Release|Any CPU
		{646D6A94-2692-40B7-9B42-001334CB67DA}.Release|iPhone.ActiveCfg = Release|Any CPU
		{646D6A94-2692-40B7-9B42-001334CB67DA}.Release|iPhone.Build.0 = Release|Any CPU
		{646D6A94-2692-40B7-9B42-001334CB67DA}.Release|iPhoneSimulator.ActiveCfg = Release|Any CPU
		{646D6A94-2692-40B7-9B42-001334CB67DA}.Release|iPhoneSimulator.Build.0 = Release|Any CPU
		{76277CEE-BA5E-49D1-8253-2FAE3EAAC760}.Ad-Hoc|iPhone.ActiveCfg = Debug|Any CPU
		{76277CEE-BA5E-49D1-8253-2FAE3EAAC760}.Ad-Hoc|iPhone.Build.0 = Debug|Any CPU
		{76277CEE-BA5E-49D1-8253-2FAE3EAAC760}.AppStore|iPhone.ActiveCfg = Debug|Any CPU
		{76277CEE-BA5E-49D1-8253-2FAE3EAAC760}.AppStore|iPhone.Build.0 = Debug|Any CPU
		{76277CEE-BA5E-49D1-8253-2FAE3EAAC760}.Debug|Any CPU.ActiveCfg = Debug|Any CPU
		{76277CEE-BA5E-49D1-8253-2FAE3EAAC760}.Debug|Any CPU.Build.0 = Debug|Any CPU
		{76277CEE-BA5E-49D1-8253-2FAE3EAAC760}.Debug|iPhone.ActiveCfg = Debug|Any CPU
		{76277CEE-BA5E-49D1-8253-2FAE3EAAC760}.Debug|iPhone.Build.0 = Debug|Any CPU
		{76277CEE-BA5E-49D1-8253-2FAE3EAAC760}.Debug|iPhoneSimulator.ActiveCfg = Debug|Any CPU
		{76277CEE-BA5E-49D1-8253-2FAE3EAAC760}.Debug|iPhoneSimulator.Build.0 = Debug|Any CPU
		{76277CEE-BA5E-49D1-8253-2FAE3EAAC760}.Release|Any CPU.ActiveCfg = Release|Any CPU
		{76277CEE-BA5E-49D1-8253-2FAE3EAAC760}.Release|Any CPU.Build.0 = Release|Any CPU
		{76277CEE-BA5E-49D1-8253-2FAE3EAAC760}.Release|iPhone.ActiveCfg = Release|Any CPU
		{76277CEE-BA5E-49D1-8253-2FAE3EAAC760}.Release|iPhone.Build.0 = Release|Any CPU
		{76277CEE-BA5E-49D1-8253-2FAE3EAAC760}.Release|iPhoneSimulator.ActiveCfg = Release|Any CPU
		{76277CEE-BA5E-49D1-8253-2FAE3EAAC760}.Release|iPhoneSimulator.Build.0 = Release|Any CPU
	EndGlobalSection
	GlobalSection(MonoDevelopProperties) = preSolution
		StartupItem = src\Bootstrap.iOS\Bootstrap.iOS.fsproj
	EndGlobalSection
EndGlobal
